// !$*UTF8*$!
{
	archiveVersion = 1;
	classes = {
	};
	objectVersion = 77;
	objects = {

/* Begin PBXFileReference section */
		6000000000000000000000A1 /* Common.xcconfig */ = {isa = PBXFileReference; lastKnownFileType = text.xcconfig; path = Common.xcconfig; sourceTree = "<group>"; };
		6000000000000000000000A2 /* Debug.xcconfig */ = {isa = PBXFileReference; lastKnownFileType = text.xcconfig; path = Debug.xcconfig; sourceTree = "<group>"; };
		6000000000000000000000A3 /* Release.xcconfig */ = {isa = PBXFileReference; lastKnownFileType = text.xcconfig; path = Release.xcconfig; sourceTree = "<group>"; };
		6000000000000000000000A4 /* Wipe.xcconfig */ = {isa = PBXFileReference; lastKnownFileType = text.xcconfig; path = Wipe.xcconfig; sourceTree = "<group>"; };
		6000000000000000000000A5 /* WipeTests.xcconfig */ = {isa = PBXFileReference; lastKnownFileType = text.xcconfig; path = WipeTests.xcconfig; sourceTree = "<group>"; };
		5000000000000000000000A1 /* Wipe.app */ = {isa = PBXFileReference; explicitFileType = wrapper.application; includeInIndex = 0; path = Wipe.app; sourceTree = BUILT_PRODUCTS_DIR; };
		5000000000000000000000B1 /* WipeTests.xctest */ = {isa = PBXFileReference; explicitFileType = wrapper.cfbundle; includeInIndex = 0; path = WipeTests.xctest; sourceTree = BUILT_PRODUCTS_DIR; };
/* End PBXFileReference section */

/* Begin PBXFileSystemSynchronizedRootGroup section */
		4000000000000000000000A1 /* Wipe */ = {
			isa = PBXFileSystemSynchronizedRootGroup;
			path = Wipe;
			sourceTree = "<group>";
		};
		4000000000000000000000B1 /* WipeTests */ = {
			isa = PBXFileSystemSynchronizedRootGroup;
			path = WipeTests;
			sourceTree = "<group>";
		};
/* End PBXFileSystemSynchronizedRootGroup section */

/* Begin PBXGroup section */
		3000000000000000000000A1 = {
			isa = PBXGroup;
			children = (
				3000000000000000000000A3 /* Config */,
				4000000000000000000000A1 /* Wipe */,
				4000000000000000000000B1 /* WipeTests */,
				3000000000000000000000A2 /* Products */,
			);
			sourceTree = "<group>";
		};
		3000000000000000000000A2 /* Products */ = {
			isa = PBXGroup;
			children = (
				5000000000000000000000A1 /* Wipe.app */,
				5000000000000000000000B1 /* WipeTests.xctest */,
			);
			name = Products;
			sourceTree = "<group>";
		};
		3000000000000000000000A3 /* Config */ = {
			isa = PBXGroup;
			children = (
				6000000000000000000000A1 /* Common.xcconfig */,
				6000000000000000000000A2 /* Debug.xcconfig */,
				6000000000000000000000A3 /* Release.xcconfig */,
				6000000000000000000000A4 /* Wipe.xcconfig */,
				6000000000000000000000A5 /* WipeTests.xcconfig */,
			);
			path = Config;
			sourceTree = "<group>";
		};
/* End PBXGroup section */

/* Begin PBXFrameworksBuildPhase section */
		7000000000000000000000A2 /* Frameworks */ = {
			isa = PBXFrameworksBuildPhase;
			buildActionMask = 2147483647;
			files = (
			);
			runOnlyForDeploymentPostprocessing = 0;
		};
		7000000000000000000000B2 /* Frameworks */ = {
			isa = PBXFrameworksBuildPhase;
			buildActionMask = 2147483647;
			files = (
			);
			runOnlyForDeploymentPostprocessing = 0;
		};
/* End PBXFrameworksBuildPhase section */

/* Begin PBXResourcesBuildPhase section */
		7000000000000000000000A3 /* Resources */ = {
			isa = PBXResourcesBuildPhase;
			buildActionMask = 2147483647;
			files = (
			);
			runOnlyForDeploymentPostprocessing = 0;
		};
		7000000000000000000000B3 /* Resources */ = {
			isa = PBXResourcesBuildPhase;
			buildActionMask = 2147483647;
			files = (
			);
			runOnlyForDeploymentPostprocessing = 0;
		};
/* End PBXResourcesBuildPhase section */

/* Begin PBXSourcesBuildPhase section */
		7000000000000000000000A1 /* Sources */ = {
			isa = PBXSourcesBuildPhase;
			buildActionMask = 2147483647;
			files = (
			);
			runOnlyForDeploymentPostprocessing = 0;
		};
		7000000000000000000000B1 /* Sources */ = {
			isa = PBXSourcesBuildPhase;
			buildActionMask = 2147483647;
			files = (
			);
			runOnlyForDeploymentPostprocessing = 0;
		};
/* End PBXSourcesBuildPhase section */

/* Begin PBXContainerItemProxy section */
		A000000000000000000000A2 /* PBXContainerItemProxy */ = {
			isa = PBXContainerItemProxy;
			containerPortal = 1000000000000000000000A1 /* Project object */;
			proxyType = 1;
			remoteGlobalIDString = 2000000000000000000000A1;
			remoteInfo = Wipe;
		};
/* End PBXContainerItemProxy section */

/* Begin PBXTargetDependency section */
		A000000000000000000000A1 /* PBXTargetDependency */ = {
			isa = PBXTargetDependency;
			target = 2000000000000000000000A1 /* Wipe */;
			targetProxy = A000000000000000000000A2 /* PBXContainerItemProxy */;
		};
/* End PBXTargetDependency section */

/* Begin PBXNativeTarget section */
		2000000000000000000000A1 /* Wipe */ = {
			isa = PBXNativeTarget;
			buildConfigurationList = 8000000000000000000000A2 /* Build configuration list for PBXNativeTarget "Wipe" */;
			buildPhases = (
				7000000000000000000000A1 /* Sources */,
				7000000000000000000000A2 /* Frameworks */,
				7000000000000000000000A3 /* Resources */,
			);
			buildRules = (
			);
			dependencies = (
			);
			fileSystemSynchronizedGroups = (
				4000000000000000000000A1 /* Wipe */,
			);
			name = Wipe;
			packageProductDependencies = (
			);
			productName = Wipe;
			productReference = 5000000000000000000000A1 /* Wipe.app */;
			productType = "com.apple.product-type.application";
		};
		2000000000000000000000B1 /* WipeTests */ = {
			isa = PBXNativeTarget;
			buildConfigurationList = 8000000000000000000000A3 /* Build configuration list for PBXNativeTarget "WipeTests" */;
			buildPhases = (
				7000000000000000000000B1 /* Sources */,
				7000000000000000000000B2 /* Frameworks */,
				7000000000000000000000B3 /* Resources */,
			);
			buildRules = (
			);
			dependencies = (
				A000000000000000000000A1 /* PBXTargetDependency */,
			);
			fileSystemSynchronizedGroups = (
				4000000000000000000000B1 /* WipeTests */,
			);
			name = WipeTests;
			packageProductDependencies = (
			);
			productName = WipeTests;
			productReference = 5000000000000000000000B1 /* WipeTests.xctest */;
			productType = "com.apple.product-type.bundle.unit-test";
		};
/* End PBXNativeTarget section */

/* Begin PBXProject section */
		1000000000000000000000A1 /* Project object */ = {
			isa = PBXProject;
			attributes = {
				BuildIndependentTargetsInParallel = 1;
				LastSwiftUpdateCheck = 2660;
				LastUpgradeCheck = 2660;
				TargetAttributes = {
					2000000000000000000000A1 = {
						CreatedOnToolsVersion = 26.6;
					};
					2000000000000000000000B1 = {
						CreatedOnToolsVersion = 26.6;
						TestTargetID = 2000000000000000000000A1;
					};
				};
			};
			buildConfigurationList = 8000000000000000000000A1 /* Build configuration list for PBXProject "Wipe" */;
			developmentRegion = en;
			hasScannedForEncodings = 0;
			knownRegions = (
				en,
				"zh-Hant",
				Base,
			);
			mainGroup = 3000000000000000000000A1;
			minimizedProjectReferenceProxies = 1;
			preferredProjectObjectVersion = 77;
			productRefGroup = 3000000000000000000000A2 /* Products */;
			projectDirPath = "";
			projectRoot = "";
			targets = (
				2000000000000000000000A1 /* Wipe */,
				2000000000000000000000B1 /* WipeTests */,
			);
		};
/* End PBXProject section */

/* Begin XCBuildConfiguration section */
		9000000000000000000000A1 /* Debug */ = {
			isa = XCBuildConfiguration;
			baseConfigurationReference = 6000000000000000000000A2 /* Debug.xcconfig */;
			buildSettings = {
			};
			name = Debug;
		};
		9000000000000000000000A2 /* Release */ = {
			isa = XCBuildConfiguration;
			baseConfigurationReference = 6000000000000000000000A3 /* Release.xcconfig */;
			buildSettings = {
			};
			name = Release;
		};
		9000000000000000000000B1 /* Debug */ = {
			isa = XCBuildConfiguration;
			baseConfigurationReference = 6000000000000000000000A4 /* Wipe.xcconfig */;
			buildSettings = {
			};
			name = Debug;
		};
		9000000000000000000000B2 /* Release */ = {
			isa = XCBuildConfiguration;
			baseConfigurationReference = 6000000000000000000000A4 /* Wipe.xcconfig */;
			buildSettings = {
			};
			name = Release;
		};
		9000000000000000000000C1 /* Debug */ = {
			isa = XCBuildConfiguration;
			baseConfigurationReference = 6000000000000000000000A5 /* WipeTests.xcconfig */;
			buildSettings = {
			};
			name = Debug;
		};
		9000000000000000000000C2 /* Release */ = {
			isa = XCBuildConfiguration;
			baseConfigurationReference = 6000000000000000000000A5 /* WipeTests.xcconfig */;
			buildSettings = {
			};
			name = Release;
		};
/* End XCBuildConfiguration section */

/* Begin XCConfigurationList section */
		8000000000000000000000A1 /* Build configuration list for PBXProject "Wipe" */ = {
			isa = XCConfigurationList;
			buildConfigurations = (
				9000000000000000000000A1 /* Debug */,
				9000000000000000000000A2 /* Release */,
			);
			defaultConfigurationIsVisible = 0;
			defaultConfigurationName = Release;
		};
		8000000000000000000000A2 /* Build configuration list for PBXNativeTarget "Wipe" */ = {
			isa = XCConfigurationList;
			buildConfigurations = (
				9000000000000000000000B1 /* Debug */,
				9000000000000000000000B2 /* Release */,
			);
			defaultConfigurationIsVisible = 0;
			defaultConfigurationName = Release;
		};
		8000000000000000000000A3 /* Build configuration list for PBXNativeTarget "WipeTests" */ = {
			isa = XCConfigurationList;
			buildConfigurations = (
				9000000000000000000000C1 /* Debug */,
				9000000000000000000000C2 /* Release */,
			);
			defaultConfigurationIsVisible = 0;
			defaultConfigurationName = Release;
		};
/* End XCConfigurationList section */
	};
	rootObject = 1000000000000000000000A1 /* Project object */;
}
